// !$*UTF8*$!
{
	archiveVersion = 1;
	classes = {
	};
	objectVersion = 77;
	objects = {

/* Begin PBXContainerItemProxy section */
		6FC1B5632E12C73A0043A042 /* PBXContainerItemProxy */ = {
			isa = PBXContainerItemProxy;
			containerPortal = 6FC1B5442E12C7390043A042 /* Project object */;
			proxyType = 1;
			remoteGlobalIDString = 6FC1B54B2E12C7390043A042;
			remoteInfo = MarvelComicApp;
		};
		6FC1B56D2E12C73A0043A042 /* PBXContainerItemProxy */ = {
			isa = PBXContainerItemProxy;
			containerPortal = 6FC1B5442E12C7390043A042 /* Project object */;
			proxyType = 1;
			remoteGlobalIDString = 6FC1B54B2E12C7390043A042;
			remoteInfo = MarvelComicApp;
		};
/* End PBXContainerItemProxy section */

/* Begin PBXFileReference section */
		6FC1B54C2E12C7390043A042 /* MarvelComicApp.app */ = {isa = PBXFileReference; explicitFileType = wrapper.application; includeInIndex = 0; path = MarvelComicApp.app; sourceTree = BUILT_PRODUCTS_DIR; };
		6FC1B5622E12C73A0043A042 /* MarvelComicAppTests.xctest */ = {isa = PBXFileReference; explicitFileType = wrapper.cfbundle; includeInIndex = 0; path = MarvelComicAppTests.xctest; sourceTree = BUILT_PRODUCTS_DIR; };
		6FC1B56C2E12C73A0043A042 /* MarvelComicAppUITests.xctest */ = {isa = PBXFileReference; explicitFileType = wrapper.cfbundle; includeInIndex = 0; path = MarvelComicAppUITests.xctest; sourceTree = BUILT_PRODUCTS_DIR; };
/* End PBXFileReference section */

/* Begin PBXFileSystemSynchronizedBuildFileExceptionSet section */
		6F78D6762E12CEAD001F63F6 /* Exceptions for "MarvelComicApp" folder in "MarvelComicApp" target */ = {
			isa = PBXFileSystemSynchronizedBuildFileExceptionSet;
			membershipExceptions = (
				"/Localized: LaunchScreen.storyboard",
				AppDelegate.swift,
				Assets.xcassets,
				Core/Constants/Constants.swift,
				Core/Constants/Environment.swift,
				Core/Extensions/CodeableExtension.swift,
				Core/Extensions/NavigationControllerExtension.swift,
				Core/Hash/Hash.swift,
				Core/Networking/Request/RequestHandler.swift,
				Core/Resources/BADABB__.TTF,
				"Core/Resources/Bentham-Regular.ttf",
				Home/Controller/ViewController.swift,
				Home/DataSource/HomeDataSource.swift,
				Home/Presentation/HomePresentation.swift,
				Home/View/HeroCollectionViewCell.swift,
				SceneDelegate.swift,
			);
			target = 6FC1B54B2E12C7390043A042 /* MarvelComicApp */;
		};
		6F78D6772E12CEAD001F63F6 /* Exceptions for "MarvelComicApp" folder in "MarvelComicAppUITests" target */ = {
			isa = PBXFileSystemSynchronizedBuildFileExceptionSet;
			membershipExceptions = (
				"/Localized: LaunchScreen.storyboard",
				AppDelegate.swift,
				Assets.xcassets,
				Core/Resources/BADABB__.TTF,
				"Core/Resources/Bentham-Regular.ttf",
				Home/Controller/ViewController.swift,
				Info.plist,
				SceneDelegate.swift,
			);
			target = 6FC1B56B2E12C73A0043A042 /* MarvelComicAppUITests */;
		};
/* End PBXFileSystemSynchronizedBuildFileExceptionSet section */

/* Begin PBXFileSystemSynchronizedRootGroup section */
		6F78D66F2E12CEAD001F63F6 /* MarvelComicApp */ = {
			isa = PBXFileSystemSynchronizedRootGroup;
			exceptions = (
				6F78D6762E12CEAD001F63F6 /* Exceptions for "MarvelComicApp" folder in "MarvelComicApp" target */,
				6F78D6772E12CEAD001F63F6 /* Exceptions for "MarvelComicApp" folder in "MarvelComicAppUITests" target */,
			);
			path = MarvelComicApp;
			sourceTree = "<group>";
		};
		6FC1B5652E12C73A0043A042 /* MarvelComicAppTests */ = {
			isa = PBXFileSystemSynchronizedRootGroup;
			path = MarvelComicAppTests;
			sourceTree = "<group>";
		};
		6FC1B56F2E12C73A0043A042 /* MarvelComicAppUITests */ = {
			isa = PBXFileSystemSynchronizedRootGroup;
			path = MarvelComicAppUITests;
			sourceTree = "<group>";
		};
/* End PBXFileSystemSynchronizedRootGroup section */

/* Begin PBXFrameworksBuildPhase section */
		6FC1B5492E12C7390043A042 /* Frameworks */ = {
			isa = PBXFrameworksBuildPhase;
			buildActionMask = 2147483647;
			files = (
			);
			runOnlyForDeploymentPostprocessing = 0;
		};
		6FC1B55F2E12C73A0043A042 /* Frameworks */ = {
			isa = PBXFrameworksBuildPhase;
			buildActionMask = 2147483647;
			files = (
			);
			runOnlyForDeploymentPostprocessing = 0;
		};
		6FC1B5692E12C73A0043A042 /* Frameworks */ = {
			isa = PBXFrameworksBuildPhase;
			buildActionMask = 2147483647;
			files = (
			);
			runOnlyForDeploymentPostprocessing = 0;
		};
/* End PBXFrameworksBuildPhase section */

/* Begin PBXGroup section */
		6FC1B5432E12C7390043A042 = {
			isa = PBXGroup;
			children = (
				6F78D66F2E12CEAD001F63F6 /* MarvelComicApp */,
				6FC1B5652E12C73A0043A042 /* MarvelComicAppTests */,
				6FC1B56F2E12C73A0043A042 /* MarvelComicAppUITests */,
				6FC1B54D2E12C7390043A042 /* Products */,
			);
			sourceTree = "<group>";
		};
		6FC1B54D2E12C7390043A042 /* Products */ = {
			isa = PBXGroup;
			children = (
				6FC1B54C2E12C7390043A042 /* MarvelComicApp.app */,
				6FC1B5622E12C73A0043A042 /* MarvelComicAppTests.xctest */,
				6FC1B56C2E12C73A0043A042 /* MarvelComicAppUITests.xctest */,
			);
			name = Products;
			sourceTree = "<group>";
		};
/* End PBXGroup section */

/* Begin PBXNativeTarget section */
		6FC1B54B2E12C7390043A042 /* MarvelComicApp */ = {
			isa = PBXNativeTarget;
			buildConfigurationList = 6FC1B5752E12C73A0043A042 /* Build configuration list for PBXNativeTarget "MarvelComicApp" */;
			buildPhases = (
				6FC1B5482E12C7390043A042 /* Sources */,
				6FC1B5492E12C7390043A042 /* Frameworks */,
				6FC1B54A2E12C7390043A042 /* Resources */,
			);
			buildRules = (
			);
			dependencies = (
			);
			name = MarvelComicApp;
			packageProductDependencies = (
			);
			productName = MarvelComicApp;
			productReference = 6FC1B54C2E12C7390043A042 /* MarvelComicApp.app */;
			productType = "com.apple.product-type.application";
		};
		6FC1B5612E12C73A0043A042 /* MarvelComicAppTests */ = {
			isa = PBXNativeTarget;
			buildConfigurationList = 6FC1B57A2E12C73A0043A042 /* Build configuration list for PBXNativeTarget "MarvelComicAppTests" */;
			buildPhases = (
				6FC1B55E2E12C73A0043A042 /* Sources */,
				6FC1B55F2E12C73A0043A042 /* Frameworks */,
				6FC1B5602E12C73A0043A042 /* Resources */,
			);
			buildRules = (
			);
			dependencies = (
				6FC1B5642E12C73A0043A042 /* PBXTargetDependency */,
			);
			fileSystemSynchronizedGroups = (
				6FC1B5652E12C73A0043A042 /* MarvelComicAppTests */,
			);
			name = MarvelComicAppTests;
			packageProductDependencies = (
			);
			productName = MarvelComicAppTests;
			productReference = 6FC1B5622E12C73A0043A042 /* MarvelComicAppTests.xctest */;
			productType = "com.apple.product-type.bundle.unit-test";
		};
		6FC1B56B2E12C73A0043A042 /* MarvelComicAppUITests */ = {
			isa = PBXNativeTarget;
			buildConfigurationList = 6FC1B57D2E12C73A0043A042 /* Build configuration list for PBXNativeTarget "MarvelComicAppUITests" */;
			buildPhases = (
				6FC1B5682E12C73A0043A042 /* Sources */,
				6FC1B5692E12C73A0043A042 /* Frameworks */,
				6FC1B56A2E12C73A0043A042 /* Resources */,
			);
			buildRules = (
			);
			dependencies = (
				6FC1B56E2E12C73A0043A042 /* PBXTargetDependency */,
			);
			fileSystemSynchronizedGroups = (
				6F78D66F2E12CEAD001F63F6 /* MarvelComicApp */,
				6FC1B56F2E12C73A0043A042 /* MarvelComicAppUITests */,
			);
			name = MarvelComicAppUITests;
			packageProductDependencies = (
			);
			productName = MarvelComicAppUITests;
			productReference = 6FC1B56C2E12C73A0043A042 /* MarvelComicAppUITests.xctest */;
			productType = "com.apple.product-type.bundle.ui-testing";
		};
/* End PBXNativeTarget section */

/* Begin PBXProject section */
		6FC1B5442E12C7390043A042 /* Project object */ = {
			isa = PBXProject;
			attributes = {
				BuildIndependentTargetsInParallel = 1;
				LastSwiftUpdateCheck = 1610;
				LastUpgradeCheck = 1610;
				TargetAttributes = {
					6FC1B54B2E12C7390043A042 = {
						CreatedOnToolsVersion = 16.1;
					};
					6FC1B5612E12C73A0043A042 = {
						CreatedOnToolsVersion = 16.1;
						TestTargetID = 6FC1B54B2E12C7390043A042;
					};
					6FC1B56B2E12C73A0043A042 = {
						CreatedOnToolsVersion = 16.1;
						TestTargetID = 6FC1B54B2E12C7390043A042;
					};
				};
			};
			buildConfigurationList = 6FC1B5472E12C7390043A042 /* Build configuration list for PBXProject "MarvelComicApp" */;
			developmentRegion = en;
			hasScannedForEncodings = 0;
			knownRegions = (
				en,
				Base,
			);
			mainGroup = 6FC1B5432E12C7390043A042;
			minimizedProjectReferenceProxies = 1;
			preferredProjectObjectVersion = 77;
			productRefGroup = 6FC1B54D2E12C7390043A042 /* Products */;
			projectDirPath = "";
			projectRoot = "";
			targets = (
				6FC1B54B2E12C7390043A042 /* MarvelComicApp */,
				6FC1B5612E12C73A0043A042 /* MarvelComicAppTests */,
				6FC1B56B2E12C73A0043A042 /* MarvelComicAppUITests */,
			);
		};
/* End PBXProject section */

/* Begin PBXResourcesBuildPhase section */
		6FC1B54A2E12C7390043A042 /* Resources */ = {
			isa = PBXResourcesBuildPhase;
			buildActionMask = 2147483647;
			files = (
			);
			runOnlyForDeploymentPostprocessing = 0;
		};
		6FC1B5602E12C73A0043A042 /* Resources */ = {
			isa = PBXResourcesBuildPhase;
			buildActionMask = 2147483647;
			files = (
			);
			runOnlyForDeploymentPostprocessing = 0;
		};
		6FC1B56A2E12C73A0043A042 /* Resources */ = {
			isa = PBXResourcesBuildPhase;
			buildActionMask = 2147483647;
			files = (
			);
			runOnlyForDeploymentPostprocessing = 0;
		};
/* End PBXResourcesBuildPhase section */

/* Begin PBXSourcesBuildPhase section */
		6FC1B5482E12C7390043A042 /* Sources */ = {
			isa = PBXSourcesBuildPhase;
			buildActionMask = 2147483647;
			files = (
			);
			runOnlyForDeploymentPostprocessing = 0;
		};
		6FC1B55E2E12C73A0043A042 /* Sources */ = {
			isa = PBXSourcesBuildPhase;
			buildActionMask = 2147483647;
			files = (
			);
			runOnlyForDeploymentPostprocessing = 0;
		};
		6FC1B5682E12C73A0043A042 /* Sources */ = {
			isa = PBXSourcesBuildPhase;
			buildActionMask = 2147483647;
			files = (
			);
			runOnlyForDeploymentPostprocessing = 0;
		};
/* End PBXSourcesBuildPhase section */

/* Begin PBXTargetDependency section */
		6FC1B5642E12C73A0043A042 /* PBXTargetDependency */ = {
			isa = PBXTargetDependency;
			target = 6FC1B54B2E12C7390043A042 /* MarvelComicApp */;
			targetProxy = 6FC1B5632E12C73A0043A042 /* PBXContainerItemProxy */;
		};
		6FC1B56E2E12C73A0043A042 /* PBXTargetDependency */ = {
			isa = PBXTargetDependency;
			target = 6FC1B54B2E12C7390043A042 /* MarvelComicApp */;
			targetProxy = 6FC1B56D2E12C73A0043A042 /* PBXContainerItemProxy */;
		};
/* End PBXTargetDependency section */

/* Begin XCBuildConfiguration section */
		6FC1B5762E12C73A0043A042 /* Debug */ = {
			isa = XCBuildConfiguration;
			baseConfigurationReferenceAnchor = 6F78D66F2E12CEAD001F63F6 /* MarvelComicApp */;
			baseConfigurationReferenceRelativePath = Config/Debug.xcconfig;
			buildSettings = {
				ASSETCATALOG_COMPILER_APPICON_NAME = AppIcon;
				ASSETCATALOG_COMPILER_GLOBAL_ACCENT_COLOR_NAME = AccentColor;
				CODE_SIGN_STYLE = Automatic;
				CURRENT_PROJECT_VERSION = 1;
				DEVELOPMENT_TEAM = U5KH3GPZUC;
				GENERATE_INFOPLIST_FILE = YES;
				INFOPLIST_FILE = MarvelComicApp/Info.plist;
				INFOPLIST_KEY_UIApplicationSupportsIndirectInputEvents = YES;
				INFOPLIST_KEY_UILaunchStoryboardName = LaunchScreen;
				INFOPLIST_KEY_UIStatusBarStyle = "";
				INFOPLIST_KEY_UISupportedInterfaceOrientations_iPad = "UIInterfaceOrientationPortrait UIInterfaceOrientationPortraitUpsideDown UIInterfaceOrientationLandscapeLeft UIInterfaceOrientationLandscapeRight";
				INFOPLIST_KEY_UISupportedInterfaceOrientations_iPhone = "UIInterfaceOrientationPortrait UIInterfaceOrientationLandscapeLeft UIInterfaceOrientationLandscapeRight";
				LD_RUNPATH_SEARCH_PATHS = (
					"$(inherited)",
					"@executable_path/Frameworks",
				);
				MARKETING_VERSION = 1.0;
				PRODUCT_BUNDLE_IDENTIFIER = com.vitorlopes.MarvelComicApp;
				PRODUCT_NAME = "$(TARGET_NAME)";
				SWIFT_EMIT_LOC_STRINGS = YES;
				SWIFT_VERSION = 5.0;
				TARGETED_DEVICE_FAMILY = "1,2";
			};
			name = Debug;
		};
		6FC1B5772E12C73A0043A042 /* Release */ = {
			isa = XCBuildConfiguration;
			baseConfigurationReferenceAnchor = 6F78D66F2E12CEAD001F63F6 /* MarvelComicApp */;
			baseConfigurationReferenceRelativePath = Config/Release.xcconfig;
			buildSettings = {
				ASSETCATALOG_COMPILER_APPICON_NAME = AppIcon;
				ASSETCATALOG_COMPILER_GLOBAL_ACCENT_COLOR_NAME = AccentColor;
				CODE_SIGN_STYLE = Automatic;
				CURRENT_PROJECT_VERSION = 1;
				DEVELOPMENT_TEAM = U5KH3GPZUC;
				GENERATE_INFOPLIST_FILE = YES;
				INFOPLIST_FILE = MarvelComicApp/Info.plist;
				INFOPLIST_KEY_UIApplicationSupportsIndirectInputEvents = YES;
				INFOPLIST_KEY_UILaunchStoryboardName = LaunchScreen;
				INFOPLIST_KEY_UIStatusBarStyle = "";
				INFOPLIST_KEY_UISupportedInterfaceOrientations_iPad = "UIInterfaceOrientationPortrait UIInterfaceOrientationPortraitUpsideDown UIInterfaceOrientationLandscapeLeft UIInterfaceOrientationLandscapeRight";
				INFOPLIST_KEY_UISupportedInterfaceOrientations_iPhone = "UIInterfaceOrientationPortrait UIInterfaceOrientationLandscapeLeft UIInterfaceOrientationLandscapeRight";
				LD_RUNPATH_SEARCH_PATHS = (
					"$(inherited)",
					"@executable_path/Frameworks",
				);
				MARKETING_VERSION = 1.0;
				PRODUCT_BUNDLE_IDENTIFIER = com.vitorlopes.MarvelComicApp;
				PRODUCT_NAME = "$(TARGET_NAME)";
				SWIFT_EMIT_LOC_STRINGS = YES;
				SWIFT_VERSION = 5.0;
				TARGETED_DEVICE_FAMILY = "1,2";
			};
			name = Release;
		};
		6FC1B5782E12C73A0043A042 /* Debug */ = {
			isa = XCBuildConfiguration;
			buildSettings = {
				ALWAYS_SEARCH_USER_PATHS = NO;
				ASSETCATALOG_COMPILER_GENERATE_SWIFT_ASSET_SYMBOL_EXTENSIONS = YES;
				CLANG_ANALYZER_NONNULL = YES;
				CLANG_ANALYZER_NUMBER_OBJECT_CONVERSION = YES_AGGRESSIVE;
				CLANG_CXX_LANGUAGE_STANDARD = "gnu++20";
				CLANG_ENABLE_MODULES = YES;
				CLANG_ENABLE_OBJC_ARC = YES;
				CLANG_ENABLE_OBJC_WEAK = YES;
				CLANG_WARN_BLOCK_CAPTURE_AUTORELEASING = YES;
				CLANG_WARN_BOOL_CONVERSION = YES;
				CLANG_WARN_COMMA = YES;
				CLANG_WARN_CONSTANT_CONVERSION = YES;
				CLANG_WARN_DEPRECATED_OBJC_IMPLEMENTATIONS = YES;
				CLANG_WARN_DIRECT_OBJC_ISA_USAGE = YES_ERROR;
				CLANG_WARN_DOCUMENTATION_COMMENTS = YES;
				CLANG_WARN_EMPTY_BODY = YES;
				CLANG_WARN_ENUM_CONVERSION = YES;
				CLANG_WARN_INFINITE_RECURSION = YES;
				CLANG_WARN_INT_CONVERSION = YES;
				CLANG_WARN_NON_LITERAL_NULL_CONVERSION = YES;
				CLANG_WARN_OBJC_IMPLICIT_RETAIN_SELF = YES;
				CLANG_WARN_OBJC_LITERAL_CONVERSION = YES;
				CLANG_WARN_OBJC_ROOT_CLASS = YES_ERROR;
				CLANG_WARN_QUOTED_INCLUDE_IN_FRAMEWORK_HEADER = YES;
				CLANG_WARN_RANGE_LOOP_ANALYSIS = YES;
				CLANG_WARN_STRICT_PROTOTYPES = YES;
				CLANG_WARN_SUSPICIOUS_MOVE = YES;
				CLANG_WARN_UNGUARDED_AVAILABILITY = YES_AGGRESSIVE;
				CLANG_WARN_UNREACHABLE_CODE = YES;
				CLANG_WARN__DUPLICATE_METHOD_MATCH = YES;
				COPY_PHASE_STRIP = NO;
				DEBUG_INFORMATION_FORMAT = dwarf;
				ENABLE_STRICT_OBJC_MSGSEND = YES;
				ENABLE_TESTABILITY = YES;
				ENABLE_USER_SCRIPT_SANDBOXING = YES;
				GCC_C_LANGUAGE_STANDARD = gnu17;
				GCC_DYNAMIC_NO_PIC = NO;
				GCC_NO_COMMON_BLOCKS = YES;
				GCC_OPTIMIZATION_LEVEL = 0;
				GCC_PREPROCESSOR_DEFINITIONS = (
					"DEBUG=1",
					"$(inherited)",
				);
				GCC_WARN_64_TO_32_BIT_CONVERSION = YES;
				GCC_WARN_ABOUT_RETURN_TYPE = YES_ERROR;
				GCC_WARN_UNDECLARED_SELECTOR = YES;
				GCC_WARN_UNINITIALIZED_AUTOS = YES_AGGRESSIVE;
				GCC_WARN_UNUSED_FUNCTION = YES;
				GCC_WARN_UNUSED_VARIABLE = YES;
				IPHONEOS_DEPLOYMENT_TARGET = 18.1;
				LOCALIZATION_PREFERS_STRING_CATALOGS = YES;
				MTL_ENABLE_DEBUG_INFO = INCLUDE_SOURCE;
				MTL_FAST_MATH = YES;
				ONLY_ACTIVE_ARCH = YES;
				SDKROOT = iphoneos;
				SWIFT_ACTIVE_COMPILATION_CONDITIONS = "DEBUG $(inherited)";
				SWIFT_OPTIMIZATION_LEVEL = "-Onone";
			};
			name = Debug;
		};
		6FC1B5792E12C73A0043A042 /* Release */ = {
			isa = XCBuildConfiguration;
			buildSettings = {
				ALWAYS_SEARCH_USER_PATHS = NO;
				ASSETCATALOG_COMPILER_GENERATE_SWIFT_ASSET_SYMBOL_EXTENSIONS = YES;
				CLANG_ANALYZER_NONNULL = YES;
				CLANG_ANALYZER_NUMBER_OBJECT_CONVERSION = YES_AGGRESSIVE;
				CLANG_CXX_LANGUAGE_STANDARD = "gnu++20";
				CLANG_ENABLE_MODULES = YES;
				CLANG_ENABLE_OBJC_ARC = YES;
				CLANG_ENABLE_OBJC_WEAK = YES;
				CLANG_WARN_BLOCK_CAPTURE_AUTORELEASING = YES;
				CLANG_WARN_BOOL_CONVERSION = YES;
				CLANG_WARN_COMMA = YES;
				CLANG_WARN_CONSTANT_CONVERSION = YES;
				CLANG_WARN_DEPRECATED_OBJC_IMPLEMENTATIONS = YES;
				CLANG_WARN_DIRECT_OBJC_ISA_USAGE = YES_ERROR;
				CLANG_WARN_DOCUMENTATION_COMMENTS = YES;
				CLANG_WARN_EMPTY_BODY = YES;
				CLANG_WARN_ENUM_CONVERSION = YES;
				CLANG_WARN_INFINITE_RECURSION = YES;
				CLANG_WARN_INT_CONVERSION = YES;
				CLANG_WARN_NON_LITERAL_NULL_CONVERSION = YES;
				CLANG_WARN_OBJC_IMPLICIT_RETAIN_SELF = YES;
				CLANG_WARN_OBJC_LITERAL_CONVERSION = YES;
				CLANG_WARN_OBJC_ROOT_CLASS = YES_ERROR;
				CLANG_WARN_QUOTED_INCLUDE_IN_FRAMEWORK_HEADER = YES;
				CLANG_WARN_RANGE_LOOP_ANALYSIS = YES;
				CLANG_WARN_STRICT_PROTOTYPES = YES;
				CLANG_WARN_SUSPICIOUS_MOVE = YES;
				CLANG_WARN_UNGUARDED_AVAILABILITY = YES_AGGRESSIVE;
				CLANG_WARN_UNREACHABLE_CODE = YES;
				CLANG_WARN__DUPLICATE_METHOD_MATCH = YES;
				COPY_PHASE_STRIP = NO;
				DEBUG_INFORMATION_FORMAT = "dwarf-with-dsym";
				ENABLE_NS_ASSERTIONS = NO;
				ENABLE_STRICT_OBJC_MSGSEND = YES;
				ENABLE_USER_SCRIPT_SANDBOXING = YES;
				GCC_C_LANGUAGE_STANDARD = gnu17;
				GCC_NO_COMMON_BLOCKS = YES;
				GCC_WARN_64_TO_32_BIT_CONVERSION = YES;
				GCC_WARN_ABOUT_RETURN_TYPE = YES_ERROR;
				GCC_WARN_UNDECLARED_SELECTOR = YES;
				GCC_WARN_UNINITIALIZED_AUTOS = YES_AGGRESSIVE;
				GCC_WARN_UNUSED_FUNCTION = YES;
				GCC_WARN_UNUSED_VARIABLE = YES;
				IPHONEOS_DEPLOYMENT_TARGET = 18.1;
				LOCALIZATION_PREFERS_STRING_CATALOGS = YES;
				MTL_ENABLE_DEBUG_INFO = NO;
				MTL_FAST_MATH = YES;
				SDKROOT = iphoneos;
				SWIFT_COMPILATION_MODE = wholemodule;
				VALIDATE_PRODUCT = YES;
			};
			name = Release;
		};
		6FC1B57B2E12C73A0043A042 /* Debug */ = {
			isa = XCBuildConfiguration;
			buildSettings = {
				BUNDLE_LOADER = "$(TEST_HOST)";
				CODE_SIGN_STYLE = Automatic;
				CURRENT_PROJECT_VERSION = 1;
				DEVELOPMENT_TEAM = U5KH3GPZUC;
				GENERATE_INFOPLIST_FILE = YES;
				IPHONEOS_DEPLOYMENT_TARGET = 18.1;
				MARKETING_VERSION = 1.0;
				PRODUCT_BUNDLE_IDENTIFIER = com.vitorlopes.MarvelComicAppTests;
				PRODUCT_NAME = "$(TARGET_NAME)";
				SWIFT_EMIT_LOC_STRINGS = NO;
				SWIFT_VERSION = 5.0;
				TARGETED_DEVICE_FAMILY = "1,2";
				TEST_HOST = "$(BUILT_PRODUCTS_DIR)/MarvelComicApp.app/$(BUNDLE_EXECUTABLE_FOLDER_PATH)/MarvelComicApp";
			};
			name = Debug;
		};
		6FC1B57C2E12C73A0043A042 /* Release */ = {
			isa = XCBuildConfiguration;
			buildSettings = {
				BUNDLE_LOADER = "$(TEST_HOST)";
				CODE_SIGN_STYLE = Automatic;
				CURRENT_PROJECT_VERSION = 1;
				DEVELOPMENT_TEAM = U5KH3GPZUC;
				GENERATE_INFOPLIST_FILE = YES;
				IPHONEOS_DEPLOYMENT_TARGET = 18.1;
				MARKETING_VERSION = 1.0;
				PRODUCT_BUNDLE_IDENTIFIER = com.vitorlopes.MarvelComicAppTests;
				PRODUCT_NAME = "$(TARGET_NAME)";
				SWIFT_EMIT_LOC_STRINGS = NO;
				SWIFT_VERSION = 5.0;
				TARGETED_DEVICE_FAMILY = "1,2";
				TEST_HOST = "$(BUILT_PRODUCTS_DIR)/MarvelComicApp.app/$(BUNDLE_EXECUTABLE_FOLDER_PATH)/MarvelComicApp";
			};
			name = Release;
		};
		6FC1B57E2E12C73A0043A042 /* Debug */ = {
			isa = XCBuildConfiguration;
			buildSettings = {
				CODE_SIGN_STYLE = Automatic;
				CURRENT_PROJECT_VERSION = 1;
				DEVELOPMENT_TEAM = U5KH3GPZUC;
				GENERATE_INFOPLIST_FILE = YES;
				MARKETING_VERSION = 1.0;
				PRODUCT_BUNDLE_IDENTIFIER = com.vitorlopes.MarvelComicAppUITests;
				PRODUCT_NAME = "$(TARGET_NAME)";
				SWIFT_EMIT_LOC_STRINGS = NO;
				SWIFT_VERSION = 5.0;
				TARGETED_DEVICE_FAMILY = "1,2";
				TEST_TARGET_NAME = MarvelComicApp;
			};
			name = Debug;
		};
		6FC1B57F2E12C73A0043A042 /* Release */ = {
			isa = XCBuildConfiguration;
			buildSettings = {
				CODE_SIGN_STYLE = Automatic;
				CURRENT_PROJECT_VERSION = 1;
				DEVELOPMENT_TEAM = U5KH3GPZUC;
				GENERATE_INFOPLIST_FILE = YES;
				MARKETING_VERSION = 1.0;
				PRODUCT_BUNDLE_IDENTIFIER = com.vitorlopes.MarvelComicAppUITests;
				PRODUCT_NAME = "$(TARGET_NAME)";
				SWIFT_EMIT_LOC_STRINGS = NO;
				SWIFT_VERSION = 5.0;
				TARGETED_DEVICE_FAMILY = "1,2";
				TEST_TARGET_NAME = MarvelComicApp;
			};
			name = Release;
		};
/* End XCBuildConfiguration section */

/* Begin XCConfigurationList section */
		6FC1B5472E12C7390043A042 /* Build configuration list for PBXProject "MarvelComicApp" */ = {
			isa = XCConfigurationList;
			buildConfigurations = (
				6FC1B5782E12C73A0043A042 /* Debug */,
				6FC1B5792E12C73A0043A042 /* Release */,
			);
			defaultConfigurationIsVisible = 0;
			defaultConfigurationName = Release;
		};
		6FC1B5752E12C73A0043A042 /* Build configuration list for PBXNativeTarget "MarvelComicApp" */ = {
			isa = XCConfigurationList;
			buildConfigurations = (
				6FC1B5762E12C73A0043A042 /* Debug */,
				6FC1B5772E12C73A0043A042 /* Release */,
			);
			defaultConfigurationIsVisible = 0;
			defaultConfigurationName = Release;
		};
		6FC1B57A2E12C73A0043A042 /* Build configuration list for PBXNativeTarget "MarvelComicAppTests" */ = {
			isa = XCConfigurationList;
			buildConfigurations = (
				6FC1B57B2E12C73A0043A042 /* Debug */,
				6FC1B57C2E12C73A0043A042 /* Release */,
			);
			defaultConfigurationIsVisible = 0;
			defaultConfigurationName = Release;
		};
		6FC1B57D2E12C73A0043A042 /* Build configuration list for PBXNativeTarget "MarvelComicAppUITests" */ = {
			isa = XCConfigurationList;
			buildConfigurations = (
				6FC1B57E2E12C73A0043A042 /* Debug */,
				6FC1B57F2E12C73A0043A042 /* Release */,
			);
			defaultConfigurationIsVisible = 0;
			defaultConfigurationName = Release;
		};
/* End XCConfigurationList section */
	};
	rootObject = 6FC1B5442E12C7390043A042 /* Project object */;
}
